
Microsoft Visual Studio Solution File, Format Version 12.00
# Visual Studio Version 16
VisualStudioVersion = 16.0.31424.327
MinimumVisualStudioVersion = 10.0.40219.1
Project("{2150E333-8FDC-42A3-9474-1A3956D46DE8}") = "Web", "Web", "{7C1846B6-489D-4AF3-9855-365600CF8DB0}"
EndProject
Project("{2150E333-8FDC-42A3-9474-1A3956D46DE8}") = "Services", "Services", "{CC69CCA5-E1EC-48FF-91B9-F416DDB7CB4A}"
EndProject
Project("{2150E333-8FDC-42A3-9474-1A3956D46DE8}") = "Data", "Data", "{B1EDD0C5-605A-447F-94C6-B11868B1139E}"
EndProject
Project("{FAE04EC0-301F-11D3-BF4B-00C04F79EFBC}") = "StockImage.Web", "Web\StockImage.Web\StockImage.Web.csproj", "{3B95BA3B-04FE-4F1C-8691-9CA8F9FF311C}"
EndProject
Project("{FAE04EC0-301F-11D3-BF4B-00C04F79EFBC}") = "StockImage.Data", "Data\StockImage.Data\StockImage.Data.csproj", "{6D6B95CE-35FA-4E6B-87CE-F9B67DF39E62}"
EndProject
Project("{FAE04EC0-301F-11D3-BF4B-00C04F79EFBC}") = "StockImage.Data.Models", "Data\StockImage.Data.Models\StockImage.Data.Models.csproj", "{32D4B404-DAB8-47C8-B777-C0B2640BF942}"
EndProject
Global
	GlobalSection(SolutionConfigurationPlatforms) = preSolution
		Debug|Any CPU = Debug|Any CPU
		Release|Any CPU = Release|Any CPU
	EndGlobalSection
	GlobalSection(ProjectConfigurationPlatforms) = postSolution
		{3B95BA3B-04FE-4F1C-8691-9CA8F9FF311C}.Debug|Any CPU.ActiveCfg = Debug|Any CPU
		{3B95BA3B-04FE-4F1C-8691-9CA8F9FF311C}.Debug|Any CPU.Build.0 = Debug|Any CPU
		{3B95BA3B-04FE-4F1C-8691-9CA8F9FF311C}.Release|Any CPU.ActiveCfg = Release|Any CPU
		{3B95BA3B-04FE-4F1C-8691-9CA8F9FF311C}.Release|Any CPU.Build.0 = Release|Any CPU
		{6D6B95CE-35FA-4E6B-87CE-F9B67DF39E62}.Debug|Any CPU.ActiveCfg = Debug|Any CPU
		{6D6B95CE-35FA-4E6B-87CE-F9B67DF39E62}.Debug|Any CPU.Build.0 = Debug|Any CPU
		{6D6B95CE-35FA-4E6B-87CE-F9B67DF39E62}.Release|Any CPU.ActiveCfg = Release|Any CPU
		{6D6B95CE-35FA-4E6B-87CE-F9B67DF39E62}.Release|Any CPU.Build.0 = Release|Any CPU
		{32D4B404-DAB8-47C8-B777-C0B2640BF942}.Debug|Any CPU.ActiveCfg = Debug|Any CPU
		{32D4B404-DAB8-47C8-B777-C0B2640BF942}.Debug|Any CPU.Build.0 = Debug|Any CPU
		{32D4B404-DAB8-47C8-B777-C0B2640BF942}.Release|Any CPU.ActiveCfg = Release|Any CPU
		{32D4B404-DAB8-47C8-B777-C0B2640BF942}.Release|Any CPU.Build.0 = Release|Any CPU
	EndGlobalSection
	GlobalSection(SolutionProperties) = preSolution
		HideSolutionNode = FALSE
	EndGlobalSection
	GlobalSection(NestedProjects) = preSolution
		{3B95BA3B-04FE-4F1C-8691-9CA8F9FF311C} = {7C1846B6-489D-4AF3-9855-365600CF8DB0}
		{6D6B95CE-35FA-4E6B-87CE-F9B67DF39E62} = {B1EDD0C5-605A-447F-94C6-B11868B1139E}
		{32D4B404-DAB8-47C8-B777-C0B2640BF942} = {B1EDD0C5-605A-447F-94C6-B11868B1139E}
	EndGlobalSection
	GlobalSection(ExtensibilityGlobals) = postSolution
		SolutionGuid = {E33419F9-F3B1-44F9-A04E-A61FA59B47F8}
	EndGlobalSection
EndGlobal
